{
  "name": "ajs-test",
  "version": "1.0.0",
  "lockfileVersion": 3,
  "requires": true,
  "packages": {
    "": {
      "name": "ajs-test",
      "version": "1.0.0",
      "license": "ISC",
      "dependencies": {
        "@vv1nc3nt/ajs": "^1.0.0"
      }
    },
    "node_modules/@vv1nc3nt/ajs": {
      "version": "1.0.0",
      "resolved": "https://npm.pkg.github.com/download/@vv1nc3nt/ajs/1.0.0/a10414d222089214ba03ef1c249018a01d8c9125",
      "integrity": "sha512-got0aDHT4GHeIU1QD1enbi02A6CyyHfi43Q5nLnKJs6io7AUuOIwrXVnQDaNglEeavGIUUFmM+y9CVnDXB95Dw==",
      "license": "ISC"
    }
  }
}
